# This file is automatically @generated by Cargo.
# It is not intended for manual editing.
version = 3

[[package]]
name = "xecs"
version = "0.1.0"
dependencies = [
 "xsparseset",
]

[[package]]
name = "xsparseset"
version = "0.1.2"
source = "git+https://github.com/xstater/xsparseset#b7c3a74641847d3edff0faf07582ffe51cf9212e"
